
Microsoft Visual Studio Solution File, Format Version 12.00
# Visual Studio 15
VisualStudioVersion = 15.0.28307.705
MinimumVisualStudioVersion = 10.0.40219.1
Project("{FAE04EC0-301F-11D3-BF4B-00C04F79EFBC}") = "44-PasajeDeCelsiusAFahrenheit", "44-PasajeDeCelsiusAFahrenheit\44-PasajeDeCelsiusAFahrenheit.csproj", "{C9CDE66E-EDEC-44A9-98B1-0C5D6F44333E}"
EndProject
Global
	GlobalSection(SolutionConfigurationPlatforms) = preSolution
		Debug|Any CPU = Debug|Any CPU
		Release|Any CPU = Release|Any CPU
	EndGlobalSection
	GlobalSection(ProjectConfigurationPlatforms) = postSolution
		{C9CDE66E-EDEC-44A9-98B1-0C5D6F44333E}.Debug|Any CPU.ActiveCfg = Debug|Any CPU
		{C9CDE66E-EDEC-44A9-98B1-0C5D6F44333E}.Debug|Any CPU.Build.0 = Debug|Any CPU
		{C9CDE66E-EDEC-44A9-98B1-0C5D6F44333E}.Release|Any CPU.ActiveCfg = Release|Any CPU
		{C9CDE66E-EDEC-44A9-98B1-0C5D6F44333E}.Release|Any CPU.Build.0 = Release|Any CPU
	EndGlobalSection
	GlobalSection(SolutionProperties) = preSolution
		HideSolutionNode = FALSE
	EndGlobalSection
	GlobalSection(ExtensibilityGlobals) = postSolution
		SolutionGuid = {E5B3958A-7563-4F3A-B4DC-EC6D1950F946}
	EndGlobalSection
EndGlobal
